# THIS IS AN AUTOGENERATED FILE. DO NOT EDIT THIS FILE DIRECTLY.
# yarn lockfile v1


"@sentry/apm@5.19.2":
  version "5.19.2"
  resolved "https://registry.yarnpkg.com/@sentry/apm/-/apm-5.19.2.tgz#369fdcbc9fa5db992f707b24f3165e106a277cf7"
  integrity sha512-V7p5niqG/Nn1OSMAyreChiIrQFYzFHKADKNaDEvIXqC4hxFnMG8lPRqEFJH49fNjsFBFfIG9iY1rO1ZFg3S42Q==
  dependencies:
    "@sentry/browser" "5.19.2"
    "@sentry/hub" "5.19.2"
    "@sentry/minimal" "5.19.2"
    "@sentry/types" "5.19.2"
    "@sentry/utils" "5.19.2"
    tslib "^1.9.3"

"@sentry/browser@5.19.2":
  version "5.19.2"
  resolved "https://registry.yarnpkg.com/@sentry/browser/-/browser-5.19.2.tgz#8bad445b8d1efd50e6510bb43b3018b941f6e5cb"
  integrity sha512-o6Z532n+0N5ANDzgR9GN+Q6CU7zVlIJvBEW234rBiB+ZZj6XwTLS1dD+JexGr8lCo8PeXI2rypKcj1jUGLVW8w==
  dependencies:
    "@sentry/core" "5.19.2"
    "@sentry/types" "5.19.2"
    "@sentry/utils" "5.19.2"
    tslib "^1.9.3"

"@sentry/core@5.19.2":
  version "5.19.2"
  resolved "https://registry.yarnpkg.com/@sentry/core/-/core-5.19.2.tgz#99a64ef0e55230fc02a083c48fa07ada85de4929"
  integrity sha512-sfbBsVXpA0WYJUichz5IhvqKD8xJUfQvsszrTsUKa7PQAMAboOmuh6bo8KquaVQnAZyZWZU08UduvlSV3tA7tw==
  dependencies:
    "@sentry/hub" "5.19.2"
    "@sentry/minimal" "5.19.2"
    "@sentry/types" "5.19.2"
    "@sentry/utils" "5.19.2"
    tslib "^1.9.3"

"@sentry/hub@5.19.2":
  version "5.19.2"
  resolved "https://registry.yarnpkg.com/@sentry/hub/-/hub-5.19.2.tgz#ab7f3d2d253c3441b2833a530b17c6de2418b2c7"
  integrity sha512-2KkEYX4q9TDCOiaVEo2kQ1W0IXyZxJxZtIjDdFQyes9T4ubYlKHAbvCjTxHSQv37lDO4t7sOIApWG9rlkHzlEA==
  dependencies:
    "@sentry/types" "5.19.2"
    "@sentry/utils" "5.19.2"
    tslib "^1.9.3"

"@sentry/minimal@5.19.2":
  version "5.19.2"
  resolved "https://registry.yarnpkg.com/@sentry/minimal/-/minimal-5.19.2.tgz#0fc2fdf9911a0cb31b52f7ccad061b74785724a3"
  integrity sha512-rApEOkjy+ZmkeqEItgFvUFxe5l+dht9AumuUzq74pWp+HJqxxv9IVTusKppBsE1adjtmyhwK4O3Wr8qyc75xlw==
  dependencies:
    "@sentry/hub" "5.19.2"
    "@sentry/types" "5.19.2"
    tslib "^1.9.3"

"@sentry/node@^5.19.2":
  version "5.19.2"
  resolved "https://registry.yarnpkg.com/@sentry/node/-/node-5.19.2.tgz#8c1c2f6c983c3d8b25143e5b99c4b6cc745125ec"
  integrity sha512-gbww3iTWkdvYIAhOmULbv8znKwkIpklGJ0SPtAh0orUMuaa0lVht+6HQIhRgeXp50lMzNaYC3fuzkbFfYgpS7A==
  dependencies:
    "@sentry/apm" "5.19.2"
    "@sentry/core" "5.19.2"
    "@sentry/hub" "5.19.2"
    "@sentry/types" "5.19.2"
    "@sentry/utils" "5.19.2"
    cookie "^0.3.1"
    https-proxy-agent "^5.0.0"
    lru_map "^0.3.3"
    tslib "^1.9.3"

"@sentry/types@5.19.2":
  version "5.19.2"
  resolved "https://registry.yarnpkg.com/@sentry/types/-/types-5.19.2.tgz#ead586f0b64b91c396d3521b938ca25f7b59d655"
  integrity sha512-O6zkW8oM1qK5Uma9+B/UMlmlm9/gkw9MooqycWuEhIaKfDBj/yVbwb/UTiJmNkGc5VJQo0v1uXUZZQt6/Xq1GA==

"@sentry/utils@5.19.2":
  version "5.19.2"
  resolved "https://registry.yarnpkg.com/@sentry/utils/-/utils-5.19.2.tgz#f2819d9de5abc33173019e81955904247e4a8246"
  integrity sha512-gEPkC0CJwvIWqcTcPSdIzqJkJa9N5vZzUZyBvdu1oiyJu7MfazpJEvj3whfJMysSfXJQxoJ+a1IPrA73VY23VA==
  dependencies:
    "@sentry/types" "5.19.2"
    tslib "^1.9.3"

"@types/color-name@^1.1.1":
  version "1.1.1"
  resolved "https://registry.yarnpkg.com/@types/color-name/-/color-name-1.1.1.tgz#1c1261bbeaa10a8055bbc5d8ab84b7b2afc846a0"
  integrity sha512-rr+OQyAjxze7GgWrSaJwydHStIhHq2lvY3BOC2Mj7KnzI7XK0Uw1TOOdI9lDoajEbSWLiYgoo4f1R51erQfhPQ==

agent-base@6:
  version "6.0.1"
  resolved "https://registry.yarnpkg.com/agent-base/-/agent-base-6.0.1.tgz#808007e4e5867decb0ab6ab2f928fbdb5a596db4"
  integrity sha512-01q25QQDwLSsyfhrKbn8yuur+JNw0H+0Y4JiGIKd3z9aYk/w/2kxD/Upc+t2ZBBSUNff50VjPsSW2YxM8QYKVg==
  dependencies:
    debug "4"

ansi-escapes@^4.2.1:
  version "4.3.1"
  resolved "https://registry.yarnpkg.com/ansi-escapes/-/ansi-escapes-4.3.1.tgz#a5c47cc43181f1f38ffd7076837700d395522a61"
  integrity sha512-JWF7ocqNrp8u9oqpgV+wH5ftbt+cfvv+PTjOvKLT3AdYly/LmORARfEVT1iyjwN+4MqE5UmVKoAdIBqeoCHgLA==
  dependencies:
    type-fest "^0.11.0"

ansi-styles@^4.1.0:
  version "4.2.1"
  resolved "https://registry.yarnpkg.com/ansi-styles/-/ansi-styles-4.2.1.tgz#90ae75c424d008d2624c5bf29ead3177ebfcf359"
  integrity sha512-9VGjrMsG1vePxcSweQsN20KY/c4zN0h9fLjqAbwbPfahM3t+NL+M9HC8xeXG2I8pX5NoamTGNuomEUFI7fcUjA==
  dependencies:
    "@types/color-name" "^1.1.1"
    color-convert "^2.0.1"

chalk@^4.1.0:
  version "4.1.0"
  resolved "https://registry.yarnpkg.com/chalk/-/chalk-4.1.0.tgz#4e14870a618d9e2edd97dd8345fd9d9dc315646a"
  integrity sha512-qwx12AxXe2Q5xQ43Ac//I6v5aXTipYrSESdOgzrN+9XjgEpyjpKuvSGaN4qE93f7TQTlerQQ8S+EQ0EyDoVL1A==
  dependencies:
    ansi-styles "^4.1.0"
    supports-color "^7.1.0"

color-convert@^2.0.1:
  version "2.0.1"
  resolved "https://registry.yarnpkg.com/color-convert/-/color-convert-2.0.1.tgz#72d3a68d598c9bdb3af2ad1e84f21d896abd4de3"
  integrity sha512-RRECPsj7iu/xb5oKYcsFHSppFNnsj/52OVTRKb4zP5onXwVF3zVmmToNcOfGC+CRDpfK/U584fMg38ZHCaElKQ==
  dependencies:
    color-name "~1.1.4"

color-name@~1.1.4:
  version "1.1.4"
  resolved "https://registry.yarnpkg.com/color-name/-/color-name-1.1.4.tgz#c2a09a87acbde69543de6f63fa3995c826c536a2"
  integrity sha512-dOy+3AuW3a2wNbZHIuMZpTcgjGuLU/uBL/ubcZF9OXbDo8ff4O8yVp5Bf0efS8uEoYo5q4Fx7dY9OgQGXgAsQA==

cookie@^0.3.1:
  version "0.3.1"
  resolved "https://registry.yarnpkg.com/cookie/-/cookie-0.3.1.tgz#e7e0a1f9ef43b4c8ba925c5c5a96e806d16873bb"
  integrity sha1-5+Ch+e9DtMi6klxcWpboBtFoc7s=

debug@4:
  version "4.1.1"
  resolved "https://registry.yarnpkg.com/debug/-/debug-4.1.1.tgz#3b72260255109c6b589cee050f1d516139664791"
  integrity sha512-pYAIzeRo8J6KPEaJ0VWOh5Pzkbw/RetuzehGM7QRRX5he4fPHx2rdKMB256ehJCkX+XRQm16eZLqLNS8RSZXZw==
  dependencies:
    ms "^2.1.1"

"epicfail@link:..":
  version "0.0.0"
  uid ""

esm@^3.2.25:
  version "3.2.25"
  resolved "https://registry.yarnpkg.com/esm/-/esm-3.2.25.tgz#342c18c29d56157688ba5ce31f8431fbb795cc10"
  integrity sha512-U1suiZ2oDVWv4zPO56S0NcR5QriEahGtdN2OR6FiOG4WJvcjBVFB0qI4+eKoWFH483PKGuLuu6V8Z4T5g63UVA==

find-up@^3.0.0:
  version "3.0.0"
  resolved "https://registry.yarnpkg.com/find-up/-/find-up-3.0.0.tgz#49169f1d7993430646da61ecc5ae355c21c97b73"
  integrity sha512-1yD6RmLI1XBfxugvORwlck6f75tYL+iR0jqwsOrOxMZyGYqUuDhJ0l4AXdO1iX/FTs9cBAMEk1gWSEx1kSbylg==
  dependencies:
    locate-path "^3.0.0"

has-flag@^4.0.0:
  version "4.0.0"
  resolved "https://registry.yarnpkg.com/has-flag/-/has-flag-4.0.0.tgz#944771fd9c81c81265c4d6941860da06bb59479b"
  integrity sha512-EykJT/Q1KjTWctppgIAgfSO0tKVuZUjhgMr17kqTumMl6Afv3EISleU7qZUzoXDFTAHTDC4NOoG/ZxU3EvlMPQ==

https-proxy-agent@^5.0.0:
  version "5.0.0"
  resolved "https://registry.yarnpkg.com/https-proxy-agent/-/https-proxy-agent-5.0.0.tgz#e2a90542abb68a762e0a0850f6c9edadfd8506b2"
  integrity sha512-EkYm5BcKUGiduxzSt3Eppko+PiNWNEpa4ySk9vTC6wDsQJW9rHSa+UhGNJoRYp7bz6Ht1eaRIa6QaJqO5rCFbA==
  dependencies:
    agent-base "6"
    debug "4"

locate-path@^3.0.0:
  version "3.0.0"
  resolved "https://registry.yarnpkg.com/locate-path/-/locate-path-3.0.0.tgz#dbec3b3ab759758071b58fe59fc41871af21400e"
  integrity sha512-7AO748wWnIhNqAuaty2ZWHkQHRSNfPVIsPIfwEOWO22AmaoVrWavlOcMR5nzTLNYvp36X220/maaRsrec1G65A==
  dependencies:
    p-locate "^3.0.0"
    path-exists "^3.0.0"

lru_map@^0.3.3:
  version "0.3.3"
  resolved "https://registry.yarnpkg.com/lru_map/-/lru_map-0.3.3.tgz#b5c8351b9464cbd750335a79650a0ec0e56118dd"
  integrity sha1-tcg1G5Rky9dQM1p5ZQoOwOVhGN0=

ms@^2.1.1:
  version "2.1.2"
  resolved "https://registry.yarnpkg.com/ms/-/ms-2.1.2.tgz#d09d1f357b443f493382a8eb3ccd183872ae6009"
  integrity sha512-sGkPx+VjMtmA6MX27oA4FBFELFCZZ4S4XqeGOXCv68tT+jb3vk/RyaKWP0PTKyWtmLSM0b+adUTEvbs1PEaH2w==

p-limit@^2.0.0:
  version "2.3.0"
  resolved "https://registry.yarnpkg.com/p-limit/-/p-limit-2.3.0.tgz#3dd33c647a214fdfffd835933eb086da0dc21db1"
  integrity sha512-//88mFWSJx8lxCzwdAABTJL2MyWB12+eIY7MDL2SqLmAkeKU9qxRvWuSyTjm3FUmpBEMuFfckAIqEaVGUDxb6w==
  dependencies:
    p-try "^2.0.0"

p-locate@^3.0.0:
  version "3.0.0"
  resolved "https://registry.yarnpkg.com/p-locate/-/p-locate-3.0.0.tgz#322d69a05c0264b25997d9f40cd8a891ab0064a4"
  integrity sha512-x+12w/To+4GFfgJhBEpiDcLozRJGegY+Ei7/z0tSLkMmxGZNybVMSfWj9aJn8Z5Fc7dBUNJOOVgPv2H7IwulSQ==
  dependencies:
    p-limit "^2.0.0"

p-try@^2.0.0:
  version "2.2.0"
  resolved "https://registry.yarnpkg.com/p-try/-/p-try-2.2.0.tgz#cb2868540e313d61de58fafbe35ce9004d5540e6"
  integrity sha512-R4nPAVTAU0B9D35/Gk3uJf/7XYbQcyohSKdvAxIRSNghFl4e71hVoGnBNQz9cWaXxO2I10KTC+3jMdvvoKw6dQ==

path-exists@^3.0.0:
  version "3.0.0"
  resolved "https://registry.yarnpkg.com/path-exists/-/path-exists-3.0.0.tgz#ce0ebeaa5f78cb18925ea7d810d7b59b010fd515"
  integrity sha1-zg6+ql94yxiSXqfYENe1mwEP1RU=

pkg-up@^3.1.0:
  version "3.1.0"
  resolved "https://registry.yarnpkg.com/pkg-up/-/pkg-up-3.1.0.tgz#100ec235cc150e4fd42519412596a28512a0def5"
  integrity sha512-nDywThFk1i4BQK4twPQ6TA4RT8bDY96yeuCVBWL3ePARCiEKDRSrNGbFIgUJpLp+XeIR65v8ra7WuJOFUBtkMA==
  dependencies:
    find-up "^3.0.0"

supports-color@^7.0.0, supports-color@^7.1.0:
  version "7.1.0"
  resolved "https://registry.yarnpkg.com/supports-color/-/supports-color-7.1.0.tgz#68e32591df73e25ad1c4b49108a2ec507962bfd1"
  integrity sha512-oRSIpR8pxT1Wr2FquTNnGet79b3BWljqOuoW/h4oBhxJ/HUbX5nX6JSruTkvXDCFMwDPvsaTTbvMLKZWSy0R5g==
  dependencies:
    has-flag "^4.0.0"

supports-hyperlinks@^2.0.0:
  version "2.1.0"
  resolved "https://registry.yarnpkg.com/supports-hyperlinks/-/supports-hyperlinks-2.1.0.tgz#f663df252af5f37c5d49bbd7eeefa9e0b9e59e47"
  integrity sha512-zoE5/e+dnEijk6ASB6/qrK+oYdm2do1hjoLWrqUC/8WEIW1gbxFcKuBof7sW8ArN6e+AYvsE8HBGiVRWL/F5CA==
  dependencies:
    has-flag "^4.0.0"
    supports-color "^7.0.0"

terminal-link@^2.1.1:
  version "2.1.1"
  resolved "https://registry.yarnpkg.com/terminal-link/-/terminal-link-2.1.1.tgz#14a64a27ab3c0df933ea546fba55f2d078edc994"
  integrity sha512-un0FmiRUQNr5PJqy9kP7c40F5BOfpGlYTrxonDChEZB7pzZxRNp/bt+ymiy9/npwXya9KH99nJ/GXFIiUkYGFQ==
  dependencies:
    ansi-escapes "^4.2.1"
    supports-hyperlinks "^2.0.0"

tslib@^1.9.3:
  version "1.13.0"
  resolved "https://registry.yarnpkg.com/tslib/-/tslib-1.13.0.tgz#c881e13cc7015894ed914862d276436fa9a47043"
  integrity sha512-i/6DQjL8Xf3be4K/E6Wgpekn5Qasl1usyw++dAA35Ue5orEn65VIxOA+YvNNl9HV3qv70T7CNwjODHZrLwvd1Q==

type-fest@^0.11.0:
  version "0.11.0"
  resolved "https://registry.yarnpkg.com/type-fest/-/type-fest-0.11.0.tgz#97abf0872310fed88a5c466b25681576145e33f1"
  integrity sha512-OdjXJxnCN1AvyLSzeKIgXTXxV+99ZuXl3Hpo9XpJAv9MBcHrrJOQ5kV7ypXOuQie+AmWG25hLbiKdwYTifzcfQ==
